{
  "name": "mobile",
  "lockfileVersion": 3,
  "requires": true,
  "packages": {
    "": {
      "dependencies": {
        "lucide-react-native": "^1.23.0"
      }
    },
    "node_modules/lucide-react-native": {
      "version": "1.23.0",
      "resolved": "https://registry.npmjs.org/lucide-react-native/-/lucide-react-native-1.23.0.tgz",
      "integrity": "sha512-lVPNyML/tJ1gj1m1QDbP4O/vZTs1cBa0+g4F8/Jjt5QcJ9H7BYbs2qRtQbngE+VH8I6CvHbtfRW9QbtGUTHSyg==",
      "license": "ISC",
      "peerDependencies": {
        "react": "^16.5.1 || ^17.0.0 || ^18.0.0 || ^19.0.0",
        "react-native": "*",
        "react-native-svg": "^12.0.0 || ^13.0.0 || ^14.0.0 || ^15.0.0"
      }
    }
  }
}
